a:5:{s:5:"doing";s:15:"Sending Archive";s:8:"item_key";i:1463642915;s:13:"data_item_key";i:1590812833;s:10:"time_start";i:1631525842;s:3:"pid";i:2284049;}
"has_lock";b:1;s:9:"file_name";s:101:"/var/www/adlibrum.hu/html/wp-content/uploads/snapshots/snapshot-1463642915-200530-042713-5c426913.zip";s:9:"file_size";i:1271711675;s:11:"file_offset";i:1271711675;}
et";i:1394884711;}
