a:5:{s:5:"doing";s:15:"Sending Archive";s:8:"item_key";i:1463642790;s:13:"data_item_key";i:1631370993;s:10:"time_start";i:1631525842;s:3:"pid";i:2284049;}
:"has_lock";b:1;s:9:"file_name";s:101:"/var/www/adlibrum.hu/html/wp-content/uploads/snapshots/snapshot-1463642790-210911-143633-2b3e442d.zip";s:9:"file_size";i:3239600;s:11:"file_offset";i:3239600;}
fset";i:2230721;}
