a:5:{s:5:"doing";s:15:"Sending Archive";s:8:"item_key";i:1557177105;s:13:"data_item_key";i:1557177105;s:10:"time_start";i:1631525842;s:3:"pid";i:2284049;}
has_lock";b:1;s:9:"file_name";s:102:"/home/ki310348/adlibrum.hu/wp-content/uploads/snapshots/snapshot-1557177105-190506-211145-6ddc3c6c.zip";s:9:"file_size";i:2234410;}
